
Microsoft Visual Studio Solution File, Format Version 12.00
# Visual Studio Version 17
VisualStudioVersion = 17.8.34511.84
MinimumVisualStudioVersion = 10.0.40219.1
Project("{FAE04EC0-301F-11D3-BF4B-00C04F79EFBC}") = "Turnupportal-project", "Turnupportal-project.csproj", "{A5A73E41-6A7C-4766-87CC-0B5D82E11F4B}"
EndProject
Global
	GlobalSection(SolutionConfigurationPlatforms) = preSolution
		Debug|Any CPU = Debug|Any CPU
		Release|Any CPU = Release|Any CPU
	EndGlobalSection
	GlobalSection(ProjectConfigurationPlatforms) = postSolution
		{A5A73E41-6A7C-4766-87CC-0B5D82E11F4B}.Debug|Any CPU.ActiveCfg = Debug|Any CPU
		{A5A73E41-6A7C-4766-87CC-0B5D82E11F4B}.Debug|Any CPU.Build.0 = Debug|Any CPU
		{A5A73E41-6A7C-4766-87CC-0B5D82E11F4B}.Release|Any CPU.ActiveCfg = Release|Any CPU
		{A5A73E41-6A7C-4766-87CC-0B5D82E11F4B}.Release|Any CPU.Build.0 = Release|Any CPU
	EndGlobalSection
	GlobalSection(SolutionProperties) = preSolution
		HideSolutionNode = FALSE
	EndGlobalSection
	GlobalSection(ExtensibilityGlobals) = postSolution
		SolutionGuid = {63167752-6EF2-4263-A2C1-D2B6E1BA7CC4}
	EndGlobalSection
EndGlobal
